
Microsoft Visual Studio Solution File, Format Version 12.00
# Visual Studio Version 17
VisualStudioVersion = 17.14.37111.16 d17.14
MinimumVisualStudioVersion = 10.0.40219.1
Project("{FAE04EC0-301F-11D3-BF4B-00C04F79EFBC}") = "CSGO_GC Inventory Tool", "CSGO_GC Inventory Tool\CSGO_GC Inventory Tool.csproj", "{095295D3-95EC-4BFE-BCA4-8889732C98B2}"
EndProject
Global
	GlobalSection(SolutionConfigurationPlatforms) = preSolution
		Debug|Any CPU = Debug|Any CPU
		Release|Any CPU = Release|Any CPU
	EndGlobalSection
	GlobalSection(ProjectConfigurationPlatforms) = postSolution
		{095295D3-95EC-4BFE-BCA4-8889732C98B2}.Debug|Any CPU.ActiveCfg = Debug|Any CPU
		{095295D3-95EC-4BFE-BCA4-8889732C98B2}.Debug|Any CPU.Build.0 = Debug|Any CPU
		{095295D3-95EC-4BFE-BCA4-8889732C98B2}.Release|Any CPU.ActiveCfg = Release|Any CPU
		{095295D3-95EC-4BFE-BCA4-8889732C98B2}.Release|Any CPU.Build.0 = Release|Any CPU
	EndGlobalSection
	GlobalSection(SolutionProperties) = preSolution
		HideSolutionNode = FALSE
	EndGlobalSection
	GlobalSection(ExtensibilityGlobals) = postSolution
		SolutionGuid = {DC521FD6-2E29-449D-A7F0-19AAE3A1DB8D}
	EndGlobalSection
EndGlobal
